
Microsoft Visual Studio Solution File, Format Version 12.00
# Visual Studio Version 17
VisualStudioVersion = 17.8.34330.188
MinimumVisualStudioVersion = 10.0.40219.1
Project("{2150E333-8FDC-42A3-9474-1A3956D46DE8}") = "Services", "Services", "{D55C769A-938A-4230-9A9D-798E5425CB9A}"
EndProject
Project("{2150E333-8FDC-42A3-9474-1A3956D46DE8}") = "Catalog", "Catalog", "{E72B2197-0567-404C-AF42-F7E677781183}"
EndProject
Project("{9A19103F-16F7-4668-BE54-9A1E7A4F7556}") = "Catalog.API", "Services\Catalog\Catalog.API\Catalog.API.csproj", "{89226675-B559-48CB-9478-E5243220067C}"
EndProject
Project("{E53339B2-1760-4266-BCC7-CA923CBCF16C}") = "docker-compose", "docker-compose.dcproj", "{140AF033-1613-441D-AB64-FF576C1AF739}"
EndProject
Project("{2150E333-8FDC-42A3-9474-1A3956D46DE8}") = "Basket", "Basket", "{EC6EFE2B-7683-4661-9C03-7004C760D175}"
EndProject
Project("{9A19103F-16F7-4668-BE54-9A1E7A4F7556}") = "Basket.API", "Services\Basket\Basket.API\Basket.API.csproj", "{22DC501E-9FD2-416B-80E8-6AC8997529D3}"
EndProject
Project("{2150E333-8FDC-42A3-9474-1A3956D46DE8}") = "Discount", "Discount", "{52835EEC-5F69-4BC5-8628-D759E8783631}"
EndProject
Project("{9A19103F-16F7-4668-BE54-9A1E7A4F7556}") = "Discount.API", "Services\Discount\Discount.API\Discount.API.csproj", "{67D0934B-DE56-484B-8F64-B791FF231A62}"
EndProject
Project("{9A19103F-16F7-4668-BE54-9A1E7A4F7556}") = "Discount.Grpc", "Services\Discount\Discount.Grpc\Discount.Grpc.csproj", "{41E5EF81-A582-48FA-9725-8E258FCBAA7F}"
EndProject
Project("{2150E333-8FDC-42A3-9474-1A3956D46DE8}") = "Ordering", "Ordering", "{184DECEB-7B99-4C9E-8CF2-60C5037E8CAA}"
EndProject
Project("{FAE04EC0-301F-11D3-BF4B-00C04F79EFBC}") = "Ordering.API", "Services\Ordering\Ordering.API\Ordering.API.csproj", "{5A4913D6-7C16-4F17-BD5A-DDFB6032126D}"
EndProject
Global
	GlobalSection(SolutionConfigurationPlatforms) = preSolution
		Debug|Any CPU = Debug|Any CPU
		Release|Any CPU = Release|Any CPU
	EndGlobalSection
	GlobalSection(ProjectConfigurationPlatforms) = postSolution
		{89226675-B559-48CB-9478-E5243220067C}.Debug|Any CPU.ActiveCfg = Debug|Any CPU
		{89226675-B559-48CB-9478-E5243220067C}.Debug|Any CPU.Build.0 = Debug|Any CPU
		{89226675-B559-48CB-9478-E5243220067C}.Release|Any CPU.ActiveCfg = Release|Any CPU
		{89226675-B559-48CB-9478-E5243220067C}.Release|Any CPU.Build.0 = Release|Any CPU
		{140AF033-1613-441D-AB64-FF576C1AF739}.Debug|Any CPU.ActiveCfg = Debug|Any CPU
		{140AF033-1613-441D-AB64-FF576C1AF739}.Debug|Any CPU.Build.0 = Debug|Any CPU
		{140AF033-1613-441D-AB64-FF576C1AF739}.Release|Any CPU.ActiveCfg = Release|Any CPU
		{140AF033-1613-441D-AB64-FF576C1AF739}.Release|Any CPU.Build.0 = Release|Any CPU
		{22DC501E-9FD2-416B-80E8-6AC8997529D3}.Debug|Any CPU.ActiveCfg = Debug|Any CPU
		{22DC501E-9FD2-416B-80E8-6AC8997529D3}.Debug|Any CPU.Build.0 = Debug|Any CPU
		{22DC501E-9FD2-416B-80E8-6AC8997529D3}.Release|Any CPU.ActiveCfg = Release|Any CPU
		{22DC501E-9FD2-416B-80E8-6AC8997529D3}.Release|Any CPU.Build.0 = Release|Any CPU
		{67D0934B-DE56-484B-8F64-B791FF231A62}.Debug|Any CPU.ActiveCfg = Debug|Any CPU
		{67D0934B-DE56-484B-8F64-B791FF231A62}.Debug|Any CPU.Build.0 = Debug|Any CPU
		{67D0934B-DE56-484B-8F64-B791FF231A62}.Release|Any CPU.ActiveCfg = Release|Any CPU
		{67D0934B-DE56-484B-8F64-B791FF231A62}.Release|Any CPU.Build.0 = Release|Any CPU
		{41E5EF81-A582-48FA-9725-8E258FCBAA7F}.Debug|Any CPU.ActiveCfg = Debug|Any CPU
		{41E5EF81-A582-48FA-9725-8E258FCBAA7F}.Debug|Any CPU.Build.0 = Debug|Any CPU
		{41E5EF81-A582-48FA-9725-8E258FCBAA7F}.Release|Any CPU.ActiveCfg = Release|Any CPU
		{41E5EF81-A582-48FA-9725-8E258FCBAA7F}.Release|Any CPU.Build.0 = Release|Any CPU
		{5A4913D6-7C16-4F17-BD5A-DDFB6032126D}.Debug|Any CPU.ActiveCfg = Debug|Any CPU
		{5A4913D6-7C16-4F17-BD5A-DDFB6032126D}.Debug|Any CPU.Build.0 = Debug|Any CPU
		{5A4913D6-7C16-4F17-BD5A-DDFB6032126D}.Release|Any CPU.ActiveCfg = Release|Any CPU
		{5A4913D6-7C16-4F17-BD5A-DDFB6032126D}.Release|Any CPU.Build.0 = Release|Any CPU
	EndGlobalSection
	GlobalSection(SolutionProperties) = preSolution
		HideSolutionNode = FALSE
	EndGlobalSection
	GlobalSection(NestedProjects) = preSolution
		{E72B2197-0567-404C-AF42-F7E677781183} = {D55C769A-938A-4230-9A9D-798E5425CB9A}
		{89226675-B559-48CB-9478-E5243220067C} = {E72B2197-0567-404C-AF42-F7E677781183}
		{EC6EFE2B-7683-4661-9C03-7004C760D175} = {D55C769A-938A-4230-9A9D-798E5425CB9A}
		{22DC501E-9FD2-416B-80E8-6AC8997529D3} = {EC6EFE2B-7683-4661-9C03-7004C760D175}
		{52835EEC-5F69-4BC5-8628-D759E8783631} = {D55C769A-938A-4230-9A9D-798E5425CB9A}
		{67D0934B-DE56-484B-8F64-B791FF231A62} = {52835EEC-5F69-4BC5-8628-D759E8783631}
		{41E5EF81-A582-48FA-9725-8E258FCBAA7F} = {52835EEC-5F69-4BC5-8628-D759E8783631}
		{184DECEB-7B99-4C9E-8CF2-60C5037E8CAA} = {D55C769A-938A-4230-9A9D-798E5425CB9A}
		{5A4913D6-7C16-4F17-BD5A-DDFB6032126D} = {184DECEB-7B99-4C9E-8CF2-60C5037E8CAA}
	EndGlobalSection
	GlobalSection(ExtensibilityGlobals) = postSolution
		SolutionGuid = {993986B1-BD62-40D1-A4F2-B78B8C915893}
	EndGlobalSection
EndGlobal
